
Microsoft Visual Studio Solution File, Format Version 12.00
# Visual Studio Version 17
VisualStudioVersion = 17.7.34221.43
MinimumVisualStudioVersion = 10.0.40219.1
Project("{8BC9CEB8-8B4A-11D0-8D11-00A0C91BC942}") = "00TT_1Dynam", "00TT_1\00TT_1.vcxproj", "{BB16411D-CE87-4F6D-90B2-73380118C413}"
EndProject
Project("{8BC9CEB8-8B4A-11D0-8D11-00A0C91BC942}") = "Статична", "Project1\Project1.vcxproj", "{02B532C4-58C9-4E5E-BBF9-A8C641EB51C6}"
EndProject
Project("{8BC9CEB8-8B4A-11D0-8D11-00A0C91BC942}") = "розумна", "розумна\розумна.vcxproj", "{ED0B936C-8DF4-4D70-8F02-E03098D186D2}"
EndProject
Project("{8BC9CEB8-8B4A-11D0-8D11-00A0C91BC942}") = "Процедурна", "Процедурна\Процедурна.vcxproj", "{72EAA45B-1E16-4B9B-8EF0-908975CBD956}"
EndProject
Global
	GlobalSection(SolutionConfigurationPlatforms) = preSolution
		Debug|x64 = Debug|x64
		Debug|x86 = Debug|x86
		Release|x64 = Release|x64
		Release|x86 = Release|x86
	EndGlobalSection
	GlobalSection(ProjectConfigurationPlatforms) = postSolution
		{BB16411D-CE87-4F6D-90B2-73380118C413}.Debug|x64.ActiveCfg = Debug|x64
		{BB16411D-CE87-4F6D-90B2-73380118C413}.Debug|x64.Build.0 = Debug|x64
		{BB16411D-CE87-4F6D-90B2-73380118C413}.Debug|x86.ActiveCfg = Debug|Win32
		{BB16411D-CE87-4F6D-90B2-73380118C413}.Debug|x86.Build.0 = Debug|Win32
		{BB16411D-CE87-4F6D-90B2-73380118C413}.Release|x64.ActiveCfg = Release|x64
		{BB16411D-CE87-4F6D-90B2-73380118C413}.Release|x64.Build.0 = Release|x64
		{BB16411D-CE87-4F6D-90B2-73380118C413}.Release|x86.ActiveCfg = Release|Win32
		{BB16411D-CE87-4F6D-90B2-73380118C413}.Release|x86.Build.0 = Release|Win32
		{02B532C4-58C9-4E5E-BBF9-A8C641EB51C6}.Debug|x64.ActiveCfg = Debug|x64
		{02B532C4-58C9-4E5E-BBF9-A8C641EB51C6}.Debug|x64.Build.0 = Debug|x64
		{02B532C4-58C9-4E5E-BBF9-A8C641EB51C6}.Debug|x86.ActiveCfg = Debug|Win32
		{02B532C4-58C9-4E5E-BBF9-A8C641EB51C6}.Debug|x86.Build.0 = Debug|Win32
		{02B532C4-58C9-4E5E-BBF9-A8C641EB51C6}.Release|x64.ActiveCfg = Release|x64
		{02B532C4-58C9-4E5E-BBF9-A8C641EB51C6}.Release|x64.Build.0 = Release|x64
		{02B532C4-58C9-4E5E-BBF9-A8C641EB51C6}.Release|x86.ActiveCfg = Release|Win32
		{02B532C4-58C9-4E5E-BBF9-A8C641EB51C6}.Release|x86.Build.0 = Release|Win32
		{ED0B936C-8DF4-4D70-8F02-E03098D186D2}.Debug|x64.ActiveCfg = Debug|x64
		{ED0B936C-8DF4-4D70-8F02-E03098D186D2}.Debug|x64.Build.0 = Debug|x64
		{ED0B936C-8DF4-4D70-8F02-E03098D186D2}.Debug|x86.ActiveCfg = Debug|Win32
		{ED0B936C-8DF4-4D70-8F02-E03098D186D2}.Debug|x86.Build.0 = Debug|Win32
		{ED0B936C-8DF4-4D70-8F02-E03098D186D2}.Release|x64.ActiveCfg = Release|x64
		{ED0B936C-8DF4-4D70-8F02-E03098D186D2}.Release|x64.Build.0 = Release|x64
		{ED0B936C-8DF4-4D70-8F02-E03098D186D2}.Release|x86.ActiveCfg = Release|Win32
		{ED0B936C-8DF4-4D70-8F02-E03098D186D2}.Release|x86.Build.0 = Release|Win32
		{72EAA45B-1E16-4B9B-8EF0-908975CBD956}.Debug|x64.ActiveCfg = Debug|x64
		{72EAA45B-1E16-4B9B-8EF0-908975CBD956}.Debug|x64.Build.0 = Debug|x64
		{72EAA45B-1E16-4B9B-8EF0-908975CBD956}.Debug|x86.ActiveCfg = Debug|Win32
		{72EAA45B-1E16-4B9B-8EF0-908975CBD956}.Debug|x86.Build.0 = Debug|Win32
		{72EAA45B-1E16-4B9B-8EF0-908975CBD956}.Release|x64.ActiveCfg = Release|x64
		{72EAA45B-1E16-4B9B-8EF0-908975CBD956}.Release|x64.Build.0 = Release|x64
		{72EAA45B-1E16-4B9B-8EF0-908975CBD956}.Release|x86.ActiveCfg = Release|Win32
		{72EAA45B-1E16-4B9B-8EF0-908975CBD956}.Release|x86.Build.0 = Release|Win32
	EndGlobalSection
	GlobalSection(SolutionProperties) = preSolution
		HideSolutionNode = FALSE
	EndGlobalSection
	GlobalSection(ExtensibilityGlobals) = postSolution
		SolutionGuid = {B2E6D002-263C-496D-8FBF-FA1FFD8165BF}
	EndGlobalSection
EndGlobal
